
Microsoft Visual Studio Solution File, Format Version 12.00
# Visual Studio Version 16
VisualStudioVersion = 16.0.30011.22
MinimumVisualStudioVersion = 10.0.40219.1
Project("{9A19103F-16F7-4668-BE54-9A1E7A4F7556}") = "01.InitialSetup", "01.InitialSetup\01.InitialSetup.csproj", "{8CDD868B-8D2B-43D2-AF46-A8885E0B6B9D}"
EndProject
Project("{9A19103F-16F7-4668-BE54-9A1E7A4F7556}") = "02.VillainNames", "02.VillainNames\02.VillainNames.csproj", "{ECFB8E0F-8C72-46B3-8E21-26363D72926A}"
EndProject
Project("{9A19103F-16F7-4668-BE54-9A1E7A4F7556}") = "03.MinionNames", "03.MinionNames\03.MinionNames.csproj", "{2F58AB6D-0108-4D18-A140-E3F93A6F50F6}"
EndProject
Project("{9A19103F-16F7-4668-BE54-9A1E7A4F7556}") = "04.AddMinion", "04.AddMinion\04.AddMinion.csproj", "{75CBB018-6B5B-420D-813C-806CCAB1080B}"
EndProject
Project("{9A19103F-16F7-4668-BE54-9A1E7A4F7556}") = "05.ChangeTownNamesCasing", "05.ChangeTownNamesCasing\05.ChangeTownNamesCasing.csproj", "{36985540-FFB8-4171-9867-DF8EF2F97A91}"
EndProject
Project("{9A19103F-16F7-4668-BE54-9A1E7A4F7556}") = "06.RemoveVillain", "06.RemoveVillain\06.RemoveVillain.csproj", "{D002E67E-4372-42FA-890E-ADE9B3DE890E}"
EndProject
Project("{FAE04EC0-301F-11D3-BF4B-00C04F79EFBC}") = "07.PrintAllMinionNames", "07.PrintAllMinionNames\07.PrintAllMinionNames.csproj", "{90052E7A-3CAD-435C-83D2-F8CC7C25CB3E}"
EndProject
Project("{FAE04EC0-301F-11D3-BF4B-00C04F79EFBC}") = "08.IncreaseMinionAge", "08.IncreaseMinionAge\08.IncreaseMinionAge.csproj", "{CF19B969-841D-4ABF-BABF-2CC75D0D48EC}"
EndProject
Project("{FAE04EC0-301F-11D3-BF4B-00C04F79EFBC}") = "09.IncreaseAgeStoredProcedure", "09.IncreaseAgeStoredProcedure\09.IncreaseAgeStoredProcedure.csproj", "{481DED44-AB75-49AF-B811-040BF678AEDB}"
EndProject
Global
	GlobalSection(SolutionConfigurationPlatforms) = preSolution
		Debug|Any CPU = Debug|Any CPU
		Release|Any CPU = Release|Any CPU
	EndGlobalSection
	GlobalSection(ProjectConfigurationPlatforms) = postSolution
		{8CDD868B-8D2B-43D2-AF46-A8885E0B6B9D}.Debug|Any CPU.ActiveCfg = Debug|Any CPU
		{8CDD868B-8D2B-43D2-AF46-A8885E0B6B9D}.Debug|Any CPU.Build.0 = Debug|Any CPU
		{8CDD868B-8D2B-43D2-AF46-A8885E0B6B9D}.Release|Any CPU.ActiveCfg = Release|Any CPU
		{8CDD868B-8D2B-43D2-AF46-A8885E0B6B9D}.Release|Any CPU.Build.0 = Release|Any CPU
		{ECFB8E0F-8C72-46B3-8E21-26363D72926A}.Debug|Any CPU.ActiveCfg = Debug|Any CPU
		{ECFB8E0F-8C72-46B3-8E21-26363D72926A}.Debug|Any CPU.Build.0 = Debug|Any CPU
		{ECFB8E0F-8C72-46B3-8E21-26363D72926A}.Release|Any CPU.ActiveCfg = Release|Any CPU
		{ECFB8E0F-8C72-46B3-8E21-26363D72926A}.Release|Any CPU.Build.0 = Release|Any CPU
		{2F58AB6D-0108-4D18-A140-E3F93A6F50F6}.Debug|Any CPU.ActiveCfg = Debug|Any CPU
		{2F58AB6D-0108-4D18-A140-E3F93A6F50F6}.Debug|Any CPU.Build.0 = Debug|Any CPU
		{2F58AB6D-0108-4D18-A140-E3F93A6F50F6}.Release|Any CPU.ActiveCfg = Release|Any CPU
		{2F58AB6D-0108-4D18-A140-E3F93A6F50F6}.Release|Any CPU.Build.0 = Release|Any CPU
		{75CBB018-6B5B-420D-813C-806CCAB1080B}.Debug|Any CPU.ActiveCfg = Debug|Any CPU
		{75CBB018-6B5B-420D-813C-806CCAB1080B}.Debug|Any CPU.Build.0 = Debug|Any CPU
		{75CBB018-6B5B-420D-813C-806CCAB1080B}.Release|Any CPU.ActiveCfg = Release|Any CPU
		{75CBB018-6B5B-420D-813C-806CCAB1080B}.Release|Any CPU.Build.0 = Release|Any CPU
		{36985540-FFB8-4171-9867-DF8EF2F97A91}.Debug|Any CPU.ActiveCfg = Debug|Any CPU
		{36985540-FFB8-4171-9867-DF8EF2F97A91}.Debug|Any CPU.Build.0 = Debug|Any CPU
		{36985540-FFB8-4171-9867-DF8EF2F97A91}.Release|Any CPU.ActiveCfg = Release|Any CPU
		{36985540-FFB8-4171-9867-DF8EF2F97A91}.Release|Any CPU.Build.0 = Release|Any CPU
		{D002E67E-4372-42FA-890E-ADE9B3DE890E}.Debug|Any CPU.ActiveCfg = Debug|Any CPU
		{D002E67E-4372-42FA-890E-ADE9B3DE890E}.Debug|Any CPU.Build.0 = Debug|Any CPU
		{D002E67E-4372-42FA-890E-ADE9B3DE890E}.Release|Any CPU.ActiveCfg = Release|Any CPU
		{D002E67E-4372-42FA-890E-ADE9B3DE890E}.Release|Any CPU.Build.0 = Release|Any CPU
		{90052E7A-3CAD-435C-83D2-F8CC7C25CB3E}.Debug|Any CPU.ActiveCfg = Debug|Any CPU
		{90052E7A-3CAD-435C-83D2-F8CC7C25CB3E}.Debug|Any CPU.Build.0 = Debug|Any CPU
		{90052E7A-3CAD-435C-83D2-F8CC7C25CB3E}.Release|Any CPU.ActiveCfg = Release|Any CPU
		{90052E7A-3CAD-435C-83D2-F8CC7C25CB3E}.Release|Any CPU.Build.0 = Release|Any CPU
		{CF19B969-841D-4ABF-BABF-2CC75D0D48EC}.Debug|Any CPU.ActiveCfg = Debug|Any CPU
		{CF19B969-841D-4ABF-BABF-2CC75D0D48EC}.Debug|Any CPU.Build.0 = Debug|Any CPU
		{CF19B969-841D-4ABF-BABF-2CC75D0D48EC}.Release|Any CPU.ActiveCfg = Release|Any CPU
		{CF19B969-841D-4ABF-BABF-2CC75D0D48EC}.Release|Any CPU.Build.0 = Release|Any CPU
		{481DED44-AB75-49AF-B811-040BF678AEDB}.Debug|Any CPU.ActiveCfg = Debug|Any CPU
		{481DED44-AB75-49AF-B811-040BF678AEDB}.Debug|Any CPU.Build.0 = Debug|Any CPU
		{481DED44-AB75-49AF-B811-040BF678AEDB}.Release|Any CPU.ActiveCfg = Release|Any CPU
		{481DED44-AB75-49AF-B811-040BF678AEDB}.Release|Any CPU.Build.0 = Release|Any CPU
	EndGlobalSection
	GlobalSection(SolutionProperties) = preSolution
		HideSolutionNode = FALSE
	EndGlobalSection
	GlobalSection(ExtensibilityGlobals) = postSolution
		SolutionGuid = {7A6D5A23-AF14-4D98-91C7-DE3A4AA75FB5}
	EndGlobalSection
EndGlobal
