
Microsoft Visual Studio Solution File, Format Version 12.00
# Visual Studio Version 16
VisualStudioVersion = 16.0.30011.22
MinimumVisualStudioVersion = 10.0.40219.1
Project("{9A19103F-16F7-4668-BE54-9A1E7A4F7556}") = "04.AddMinion", "ado\04.AddMinion.csproj", "{78BC25E3-12AB-4A90-95EF-6887420F050F}"
EndProject
Project("{9A19103F-16F7-4668-BE54-9A1E7A4F7556}") = "01.InitialSetup", "01.InitialSetup\01.InitialSetup.csproj", "{8CDD868B-8D2B-43D2-AF46-A8885E0B6B9D}"
EndProject
Project("{FAE04EC0-301F-11D3-BF4B-00C04F79EFBC}") = "02.VillainNames", "02.VillainNames\02.VillainNames.csproj", "{ECFB8E0F-8C72-46B3-8E21-26363D72926A}"
EndProject
Project("{FAE04EC0-301F-11D3-BF4B-00C04F79EFBC}") = "03.MinionNames", "03.MinionNames\03.MinionNames.csproj", "{2F58AB6D-0108-4D18-A140-E3F93A6F50F6}"
EndProject
Global
	GlobalSection(SolutionConfigurationPlatforms) = preSolution
		Debug|Any CPU = Debug|Any CPU
		Release|Any CPU = Release|Any CPU
	EndGlobalSection
	GlobalSection(ProjectConfigurationPlatforms) = postSolution
		{78BC25E3-12AB-4A90-95EF-6887420F050F}.Debug|Any CPU.ActiveCfg = Debug|Any CPU
		{78BC25E3-12AB-4A90-95EF-6887420F050F}.Debug|Any CPU.Build.0 = Debug|Any CPU
		{78BC25E3-12AB-4A90-95EF-6887420F050F}.Release|Any CPU.ActiveCfg = Release|Any CPU
		{78BC25E3-12AB-4A90-95EF-6887420F050F}.Release|Any CPU.Build.0 = Release|Any CPU
		{8CDD868B-8D2B-43D2-AF46-A8885E0B6B9D}.Debug|Any CPU.ActiveCfg = Debug|Any CPU
		{8CDD868B-8D2B-43D2-AF46-A8885E0B6B9D}.Debug|Any CPU.Build.0 = Debug|Any CPU
		{8CDD868B-8D2B-43D2-AF46-A8885E0B6B9D}.Release|Any CPU.ActiveCfg = Release|Any CPU
		{8CDD868B-8D2B-43D2-AF46-A8885E0B6B9D}.Release|Any CPU.Build.0 = Release|Any CPU
		{ECFB8E0F-8C72-46B3-8E21-26363D72926A}.Debug|Any CPU.ActiveCfg = Debug|Any CPU
		{ECFB8E0F-8C72-46B3-8E21-26363D72926A}.Debug|Any CPU.Build.0 = Debug|Any CPU
		{ECFB8E0F-8C72-46B3-8E21-26363D72926A}.Release|Any CPU.ActiveCfg = Release|Any CPU
		{ECFB8E0F-8C72-46B3-8E21-26363D72926A}.Release|Any CPU.Build.0 = Release|Any CPU
		{2F58AB6D-0108-4D18-A140-E3F93A6F50F6}.Debug|Any CPU.ActiveCfg = Debug|Any CPU
		{2F58AB6D-0108-4D18-A140-E3F93A6F50F6}.Debug|Any CPU.Build.0 = Debug|Any CPU
		{2F58AB6D-0108-4D18-A140-E3F93A6F50F6}.Release|Any CPU.ActiveCfg = Release|Any CPU
		{2F58AB6D-0108-4D18-A140-E3F93A6F50F6}.Release|Any CPU.Build.0 = Release|Any CPU
	EndGlobalSection
	GlobalSection(SolutionProperties) = preSolution
		HideSolutionNode = FALSE
	EndGlobalSection
	GlobalSection(ExtensibilityGlobals) = postSolution
		SolutionGuid = {7A6D5A23-AF14-4D98-91C7-DE3A4AA75FB5}
	EndGlobalSection
EndGlobal
